
Microsoft Visual Studio Solution File, Format Version 12.00
# Visual Studio 15
VisualStudioVersion = 15.0.26228.12
MinimumVisualStudioVersion = 10.0.40219.1
Project("{FAE04EC0-301F-11D3-BF4B-00C04F79EFBC}") = "IdentityServer4Practice", "IdentityServer4Practice\IdentityServer4Practice.csproj", "{30A87B35-9872-4294-B077-77569A512F5C}"
EndProject
Project("{FAE04EC0-301F-11D3-BF4B-00C04F79EFBC}") = "Api", "Api\Api.csproj", "{DCC86202-01EA-4479-A297-E87F33A2153A}"
EndProject
Project("{FAE04EC0-301F-11D3-BF4B-00C04F79EFBC}") = "Client", "Client\Client.csproj", "{80AF5E66-AC81-48A6-84EA-136F4FDEB34E}"
EndProject
Project("{FAE04EC0-301F-11D3-BF4B-00C04F79EFBC}") = "MvcClient", "MvcClient\MvcClient.csproj", "{E4A894C5-39ED-4EA8-A9D7-F54ED6BE1276}"
EndProject
Project("{FAE04EC0-301F-11D3-BF4B-00C04F79EFBC}") = "IdentityServerWithAspNetIdentity", "IdentityServerWithAspNetIdentity\IdentityServerWithAspNetIdentity.csproj", "{16EDB06E-C25B-42AE-97AB-FFD7CE77E456}"
EndProject
Global
	GlobalSection(SolutionConfigurationPlatforms) = preSolution
		Debug|Any CPU = Debug|Any CPU
		Release|Any CPU = Release|Any CPU
	EndGlobalSection
	GlobalSection(ProjectConfigurationPlatforms) = postSolution
		{30A87B35-9872-4294-B077-77569A512F5C}.Debug|Any CPU.ActiveCfg = Debug|Any CPU
		{30A87B35-9872-4294-B077-77569A512F5C}.Debug|Any CPU.Build.0 = Debug|Any CPU
		{30A87B35-9872-4294-B077-77569A512F5C}.Release|Any CPU.ActiveCfg = Release|Any CPU
		{30A87B35-9872-4294-B077-77569A512F5C}.Release|Any CPU.Build.0 = Release|Any CPU
		{DCC86202-01EA-4479-A297-E87F33A2153A}.Debug|Any CPU.ActiveCfg = Debug|Any CPU
		{DCC86202-01EA-4479-A297-E87F33A2153A}.Debug|Any CPU.Build.0 = Debug|Any CPU
		{DCC86202-01EA-4479-A297-E87F33A2153A}.Release|Any CPU.ActiveCfg = Release|Any CPU
		{DCC86202-01EA-4479-A297-E87F33A2153A}.Release|Any CPU.Build.0 = Release|Any CPU
		{80AF5E66-AC81-48A6-84EA-136F4FDEB34E}.Debug|Any CPU.ActiveCfg = Debug|Any CPU
		{80AF5E66-AC81-48A6-84EA-136F4FDEB34E}.Debug|Any CPU.Build.0 = Debug|Any CPU
		{80AF5E66-AC81-48A6-84EA-136F4FDEB34E}.Release|Any CPU.ActiveCfg = Release|Any CPU
		{80AF5E66-AC81-48A6-84EA-136F4FDEB34E}.Release|Any CPU.Build.0 = Release|Any CPU
		{E4A894C5-39ED-4EA8-A9D7-F54ED6BE1276}.Debug|Any CPU.ActiveCfg = Debug|Any CPU
		{E4A894C5-39ED-4EA8-A9D7-F54ED6BE1276}.Debug|Any CPU.Build.0 = Debug|Any CPU
		{E4A894C5-39ED-4EA8-A9D7-F54ED6BE1276}.Release|Any CPU.ActiveCfg = Release|Any CPU
		{E4A894C5-39ED-4EA8-A9D7-F54ED6BE1276}.Release|Any CPU.Build.0 = Release|Any CPU
		{16EDB06E-C25B-42AE-97AB-FFD7CE77E456}.Debug|Any CPU.ActiveCfg = Debug|Any CPU
		{16EDB06E-C25B-42AE-97AB-FFD7CE77E456}.Debug|Any CPU.Build.0 = Debug|Any CPU
		{16EDB06E-C25B-42AE-97AB-FFD7CE77E456}.Release|Any CPU.ActiveCfg = Release|Any CPU
		{16EDB06E-C25B-42AE-97AB-FFD7CE77E456}.Release|Any CPU.Build.0 = Release|Any CPU
	EndGlobalSection
	GlobalSection(SolutionProperties) = preSolution
		HideSolutionNode = FALSE
	EndGlobalSection
EndGlobal
